
Microsoft Visual Studio Solution File, Format Version 12.00
# Visual Studio 15
VisualStudioVersion = 15.0.28307.1300
MinimumVisualStudioVersion = 10.0.40219.1
Project("{FAE04EC0-301F-11D3-BF4B-00C04F79EFBC}") = "DotNET Developer Task", "DotNET Developer Task\DotNET Developer Task.csproj", "{11976650-6546-422E-B2E1-9E6F6A1F2AF5}"
EndProject
Global
	GlobalSection(SolutionConfigurationPlatforms) = preSolution
		Debug|Any CPU = Debug|Any CPU
		Release|Any CPU = Release|Any CPU
	EndGlobalSection
	GlobalSection(ProjectConfigurationPlatforms) = postSolution
		{11976650-6546-422E-B2E1-9E6F6A1F2AF5}.Debug|Any CPU.ActiveCfg = Debug|Any CPU
		{11976650-6546-422E-B2E1-9E6F6A1F2AF5}.Debug|Any CPU.Build.0 = Debug|Any CPU
		{11976650-6546-422E-B2E1-9E6F6A1F2AF5}.Release|Any CPU.ActiveCfg = Release|Any CPU
		{11976650-6546-422E-B2E1-9E6F6A1F2AF5}.Release|Any CPU.Build.0 = Release|Any CPU
	EndGlobalSection
	GlobalSection(SolutionProperties) = preSolution
		HideSolutionNode = FALSE
	EndGlobalSection
	GlobalSection(ExtensibilityGlobals) = postSolution
		SolutionGuid = {56B0A8EE-9EDA-4255-933C-E0A64D9A295F}
	EndGlobalSection
EndGlobal
